// !$*UTF8*$!
{
	archiveVersion = 1;
	classes = {
	};
	objectVersion = 46;
	objects = {

/* Begin PBXBuildFile section */
		F47EBB5F17AB63D400CE6158 /* Cocoa.framework in Frameworks */ = {isa = PBXBuildFile; fileRef = F47EBB5E17AB63D400CE6158 /* Cocoa.framework */; };
		F47EBB6917AB63D400CE6158 /* CocoaPushover.m in Sources */ = {isa = PBXBuildFile; fileRef = F47EBB6817AB63D400CE6158 /* CocoaPushover.m */; };
		F47EBB7017AB63D400CE6158 /* XCTest.framework in Frameworks */ = {isa = PBXBuildFile; fileRef = F47EBB6F17AB63D400CE6158 /* XCTest.framework */; };
		F47EBB7117AB63D400CE6158 /* Cocoa.framework in Frameworks */ = {isa = PBXBuildFile; fileRef = F47EBB5E17AB63D400CE6158 /* Cocoa.framework */; };
		F47EBB7417AB63D400CE6158 /* libCocoaPushover.a in Frameworks */ = {isa = PBXBuildFile; fileRef = F47EBB5B17AB63D400CE6158 /* libCocoaPushover.a */; };
		F47EBB7A17AB63D400CE6158 /* InfoPlist.strings in Resources */ = {isa = PBXBuildFile; fileRef = F47EBB7817AB63D400CE6158 /* InfoPlist.strings */; };
		F47EBB7C17AB63D400CE6158 /* CocoaPushoverTests.m in Sources */ = {isa = PBXBuildFile; fileRef = F47EBB7B17AB63D400CE6158 /* CocoaPushoverTests.m */; };
/* End PBXBuildFile section */

/* Begin PBXContainerItemProxy section */
		F47EBB7217AB63D400CE6158 /* PBXContainerItemProxy */ = {
			isa = PBXContainerItemProxy;
			containerPortal = F47EBB5317AB63D400CE6158 /* Project object */;
			proxyType = 1;
			remoteGlobalIDString = F47EBB5A17AB63D400CE6158;
			remoteInfo = CocoaPushover;
		};
/* End PBXContainerItemProxy section */

/* Begin PBXFileReference section */
		F47EBB5B17AB63D400CE6158 /* libCocoaPushover.a */ = {isa = PBXFileReference; explicitFileType = archive.ar; includeInIndex = 0; path = libCocoaPushover.a; sourceTree = BUILT_PRODUCTS_DIR; };
		F47EBB5E17AB63D400CE6158 /* Cocoa.framework */ = {isa = PBXFileReference; lastKnownFileType = wrapper.framework; name = Cocoa.framework; path = System/Library/Frameworks/Cocoa.framework; sourceTree = SDKROOT; };
		F47EBB6117AB63D400CE6158 /* Foundation.framework */ = {isa = PBXFileReference; lastKnownFileType = wrapper.framework; name = Foundation.framework; path = System/Library/Frameworks/Foundation.framework; sourceTree = SDKROOT; };
		F47EBB6217AB63D400CE6158 /* CoreData.framework */ = {isa = PBXFileReference; lastKnownFileType = wrapper.framework; name = CoreData.framework; path = System/Library/Frameworks/CoreData.framework; sourceTree = SDKROOT; };
		F47EBB6317AB63D400CE6158 /* AppKit.framework */ = {isa = PBXFileReference; lastKnownFileType = wrapper.framework; name = AppKit.framework; path = System/Library/Frameworks/AppKit.framework; sourceTree = SDKROOT; };
		F47EBB6617AB63D400CE6158 /* CocoaPushover-Prefix.pch */ = {isa = PBXFileReference; lastKnownFileType = sourcecode.c.h; path = "CocoaPushover-Prefix.pch"; sourceTree = "<group>"; };
		F47EBB6717AB63D400CE6158 /* CocoaPushover.h */ = {isa = PBXFileReference; lastKnownFileType = sourcecode.c.h; path = CocoaPushover.h; sourceTree = "<group>"; };
		F47EBB6817AB63D400CE6158 /* CocoaPushover.m */ = {isa = PBXFileReference; lastKnownFileType = sourcecode.c.objc; path = CocoaPushover.m; sourceTree = "<group>"; };
		F47EBB6E17AB63D400CE6158 /* CocoaPushoverTests.xctest */ = {isa = PBXFileReference; explicitFileType = folder; includeInIndex = 0; path = CocoaPushoverTests.xctest; sourceTree = BUILT_PRODUCTS_DIR; };
		F47EBB6F17AB63D400CE6158 /* XCTest.framework */ = {isa = PBXFileReference; lastKnownFileType = wrapper.framework; name = XCTest.framework; path = Library/Frameworks/XCTest.framework; sourceTree = DEVELOPER_DIR; };
		F47EBB7717AB63D400CE6158 /* CocoaPushoverTests-Info.plist */ = {isa = PBXFileReference; lastKnownFileType = text.plist.xml; path = "CocoaPushoverTests-Info.plist"; sourceTree = "<group>"; };
		F47EBB7917AB63D400CE6158 /* en */ = {isa = PBXFileReference; lastKnownFileType = text.plist.strings; name = en; path = en.lproj/InfoPlist.strings; sourceTree = "<group>"; };
		F47EBB7B17AB63D400CE6158 /* CocoaPushoverTests.m */ = {isa = PBXFileReference; lastKnownFileType = sourcecode.c.objc; path = CocoaPushoverTests.m; sourceTree = "<group>"; };
/* End PBXFileReference section */

/* Begin PBXFrameworksBuildPhase section */
		F47EBB5817AB63D400CE6158 /* Frameworks */ = {
			isa = PBXFrameworksBuildPhase;
			buildActionMask = 2147483647;
			files = (
				F47EBB5F17AB63D400CE6158 /* Cocoa.framework in Frameworks */,
			);
			runOnlyForDeploymentPostprocessing = 0;
		};
		F47EBB6B17AB63D400CE6158 /* Frameworks */ = {
			isa = PBXFrameworksBuildPhase;
			buildActionMask = 2147483647;
			files = (
				F47EBB7117AB63D400CE6158 /* Cocoa.framework in Frameworks */,
				F47EBB7017AB63D400CE6158 /* XCTest.framework in Frameworks */,
				F47EBB7417AB63D400CE6158 /* libCocoaPushover.a in Frameworks */,
			);
			runOnlyForDeploymentPostprocessing = 0;
		};
/* End PBXFrameworksBuildPhase section */

/* Begin PBXGroup section */
		F47EBB5217AB63D400CE6158 = {
			isa = PBXGroup;
			children = (
				F47EBB6417AB63D400CE6158 /* CocoaPushover */,
				F47EBB7517AB63D400CE6158 /* CocoaPushoverTests */,
				F47EBB5D17AB63D400CE6158 /* Frameworks */,
				F47EBB5C17AB63D400CE6158 /* Products */,
			);
			sourceTree = "<group>";
		};
		F47EBB5C17AB63D400CE6158 /* Products */ = {
			isa = PBXGroup;
			children = (
				F47EBB5B17AB63D400CE6158 /* libCocoaPushover.a */,
				F47EBB6E17AB63D400CE6158 /* CocoaPushoverTests.xctest */,
			);
			name = Products;
			sourceTree = "<group>";
		};
		F47EBB5D17AB63D400CE6158 /* Frameworks */ = {
			isa = PBXGroup;
			children = (
				F47EBB5E17AB63D400CE6158 /* Cocoa.framework */,
				F47EBB6F17AB63D400CE6158 /* XCTest.framework */,
				F47EBB6017AB63D400CE6158 /* Other Frameworks */,
			);
			name = Frameworks;
			sourceTree = "<group>";
		};
		F47EBB6017AB63D400CE6158 /* Other Frameworks */ = {
			isa = PBXGroup;
			children = (
				F47EBB6117AB63D400CE6158 /* Foundation.framework */,
				F47EBB6217AB63D400CE6158 /* CoreData.framework */,
				F47EBB6317AB63D400CE6158 /* AppKit.framework */,
			);
			name = "Other Frameworks";
			sourceTree = "<group>";
		};
		F47EBB6417AB63D400CE6158 /* CocoaPushover */ = {
			isa = PBXGroup;
			children = (
				F47EBB6717AB63D400CE6158 /* CocoaPushover.h */,
				F47EBB6817AB63D400CE6158 /* CocoaPushover.m */,
				F47EBB6517AB63D400CE6158 /* Supporting Files */,
			);
			path = CocoaPushover;
			sourceTree = "<group>";
		};
		F47EBB6517AB63D400CE6158 /* Supporting Files */ = {
			isa = PBXGroup;
			children = (
				F47EBB6617AB63D400CE6158 /* CocoaPushover-Prefix.pch */,
			);
			name = "Supporting Files";
			sourceTree = "<group>";
		};
		F47EBB7517AB63D400CE6158 /* CocoaPushoverTests */ = {
			isa = PBXGroup;
			children = (
				F47EBB7B17AB63D400CE6158 /* CocoaPushoverTests.m */,
				F47EBB7617AB63D400CE6158 /* Supporting Files */,
			);
			path = CocoaPushoverTests;
			sourceTree = "<group>";
		};
		F47EBB7617AB63D400CE6158 /* Supporting Files */ = {
			isa = PBXGroup;
			children = (
				F47EBB7717AB63D400CE6158 /* CocoaPushoverTests-Info.plist */,
				F47EBB7817AB63D400CE6158 /* InfoPlist.strings */,
			);
			name = "Supporting Files";
			sourceTree = "<group>";
		};
/* End PBXGroup section */

/* Begin PBXHeadersBuildPhase section */
		F47EBB5917AB63D400CE6158 /* Headers */ = {
			isa = PBXHeadersBuildPhase;
			buildActionMask = 2147483647;
			files = (
			);
			runOnlyForDeploymentPostprocessing = 0;
		};
/* End PBXHeadersBuildPhase section */

/* Begin PBXNativeTarget section */
		F47EBB5A17AB63D400CE6158 /* CocoaPushover */ = {
			isa = PBXNativeTarget;
			buildConfigurationList = F47EBB7F17AB63D400CE6158 /* Build configuration list for PBXNativeTarget "CocoaPushover" */;
			buildPhases = (
				F47EBB5717AB63D400CE6158 /* Sources */,
				F47EBB5817AB63D400CE6158 /* Frameworks */,
				F47EBB5917AB63D400CE6158 /* Headers */,
			);
			buildRules = (
			);
			dependencies = (
			);
			name = CocoaPushover;
			productName = CocoaPushover;
			productReference = F47EBB5B17AB63D400CE6158 /* libCocoaPushover.a */;
			productType = "com.apple.product-type.library.static";
		};
		F47EBB6D17AB63D400CE6158 /* CocoaPushoverTests */ = {
			isa = PBXNativeTarget;
			buildConfigurationList = F47EBB8217AB63D400CE6158 /* Build configuration list for PBXNativeTarget "CocoaPushoverTests" */;
			buildPhases = (
				F47EBB6A17AB63D400CE6158 /* Sources */,
				F47EBB6B17AB63D400CE6158 /* Frameworks */,
				F47EBB6C17AB63D400CE6158 /* Resources */,
			);
			buildRules = (
			);
			dependencies = (
				F47EBB7317AB63D400CE6158 /* PBXTargetDependency */,
			);
			name = CocoaPushoverTests;
			productName = CocoaPushoverTests;
			productReference = F47EBB6E17AB63D400CE6158 /* CocoaPushoverTests.xctest */;
			productType = "com.apple.product-type.bundle.unit-test";
		};
/* End PBXNativeTarget section */

/* Begin PBXProject section */
		F47EBB5317AB63D400CE6158 /* Project object */ = {
			isa = PBXProject;
			attributes = {
				LastUpgradeCheck = 0500;
				ORGANIZATIONNAME = "Simon Stückemann";
			};
			buildConfigurationList = F47EBB5617AB63D400CE6158 /* Build configuration list for PBXProject "CocoaPushover" */;
			compatibilityVersion = "Xcode 3.2";
			developmentRegion = English;
			hasScannedForEncodings = 0;
			knownRegions = (
				en,
			);
			mainGroup = F47EBB5217AB63D400CE6158;
			productRefGroup = F47EBB5C17AB63D400CE6158 /* Products */;
			projectDirPath = "";
			projectRoot = "";
			targets = (
				F47EBB5A17AB63D400CE6158 /* CocoaPushover */,
				F47EBB6D17AB63D400CE6158 /* CocoaPushoverTests */,
			);
		};
/* End PBXProject section */

/* Begin PBXResourcesBuildPhase section */
		F47EBB6C17AB63D400CE6158 /* Resources */ = {
			isa = PBXResourcesBuildPhase;
			buildActionMask = 2147483647;
			files = (
				F47EBB7A17AB63D400CE6158 /* InfoPlist.strings in Resources */,
			);
			runOnlyForDeploymentPostprocessing = 0;
		};
/* End PBXResourcesBuildPhase section */

/* Begin PBXSourcesBuildPhase section */
		F47EBB5717AB63D400CE6158 /* Sources */ = {
			isa = PBXSourcesBuildPhase;
			buildActionMask = 2147483647;
			files = (
				F47EBB6917AB63D400CE6158 /* CocoaPushover.m in Sources */,
			);
			runOnlyForDeploymentPostprocessing = 0;
		};
		F47EBB6A17AB63D400CE6158 /* Sources */ = {
			isa = PBXSourcesBuildPhase;
			buildActionMask = 2147483647;
			files = (
				F47EBB7C17AB63D400CE6158 /* CocoaPushoverTests.m in Sources */,
			);
			runOnlyForDeploymentPostprocessing = 0;
		};
/* End PBXSourcesBuildPhase section */

/* Begin PBXTargetDependency section */
		F47EBB7317AB63D400CE6158 /* PBXTargetDependency */ = {
			isa = PBXTargetDependency;
			target = F47EBB5A17AB63D400CE6158 /* CocoaPushover */;
			targetProxy = F47EBB7217AB63D400CE6158 /* PBXContainerItemProxy */;
		};
/* End PBXTargetDependency section */

/* Begin PBXVariantGroup section */
		F47EBB7817AB63D400CE6158 /* InfoPlist.strings */ = {
			isa = PBXVariantGroup;
			children = (
				F47EBB7917AB63D400CE6158 /* en */,
			);
			name = InfoPlist.strings;
			sourceTree = "<group>";
		};
/* End PBXVariantGroup section */

/* Begin XCBuildConfiguration section */
		F47EBB7D17AB63D400CE6158 /* Debug */ = {
			isa = XCBuildConfiguration;
			buildSettings = {
				ALWAYS_SEARCH_USER_PATHS = NO;
				CLANG_CXX_LANGUAGE_STANDARD = "gnu++0x";
				CLANG_CXX_LIBRARY = "libc++";
				CLANG_ENABLE_MODULES = YES;
				CLANG_ENABLE_OBJC_ARC = YES;
				CLANG_WARN_BOOL_CONVERSION = YES;
				CLANG_WARN_CONSTANT_CONVERSION = YES;
				CLANG_WARN_DIRECT_OBJC_ISA_USAGE = YES_ERROR;
				CLANG_WARN_EMPTY_BODY = YES;
				CLANG_WARN_ENUM_CONVERSION = YES;
				CLANG_WARN_INT_CONVERSION = YES;
				CLANG_WARN_OBJC_ROOT_CLASS = YES_ERROR;
				CLANG_WARN__DUPLICATE_METHOD_MATCH = YES;
				COPY_PHASE_STRIP = NO;
				GCC_C_LANGUAGE_STANDARD = gnu99;
				GCC_DYNAMIC_NO_PIC = NO;
				GCC_ENABLE_OBJC_EXCEPTIONS = YES;
				GCC_OPTIMIZATION_LEVEL = 0;
				GCC_PREPROCESSOR_DEFINITIONS = (
					"DEBUG=1",
					"$(inherited)",
				);
				GCC_SYMBOLS_PRIVATE_EXTERN = NO;
				GCC_WARN_64_TO_32_BIT_CONVERSION = YES;
				GCC_WARN_ABOUT_RETURN_TYPE = YES_ERROR;
				GCC_WARN_UNDECLARED_SELECTOR = YES;
				GCC_WARN_UNINITIALIZED_AUTOS = YES;
				GCC_WARN_UNUSED_FUNCTION = YES;
				GCC_WARN_UNUSED_VARIABLE = YES;
				MACOSX_DEPLOYMENT_TARGET = 10.8;
				ONLY_ACTIVE_ARCH = YES;
				SDKROOT = macosx;
			};
			name = Debug;
		};
		F47EBB7E17AB63D400CE6158 /* Release */ = {
			isa = XCBuildConfiguration;
			buildSettings = {
				ALWAYS_SEARCH_USER_PATHS = NO;
				CLANG_CXX_LANGUAGE_STANDARD = "gnu++0x";
				CLANG_CXX_LIBRARY = "libc++";
				CLANG_ENABLE_MODULES = YES;
				CLANG_ENABLE_OBJC_ARC = YES;
				CLANG_WARN_BOOL_CONVERSION = YES;
				CLANG_WARN_CONSTANT_CONVERSION = YES;
				CLANG_WARN_DIRECT_OBJC_ISA_USAGE = YES_ERROR;
				CLANG_WARN_EMPTY_BODY = YES;
				CLANG_WARN_ENUM_CONVERSION = YES;
				CLANG_WARN_INT_CONVERSION = YES;
				CLANG_WARN_OBJC_ROOT_CLASS = YES_ERROR;
				CLANG_WARN__DUPLICATE_METHOD_MATCH = YES;
				COPY_PHASE_STRIP = YES;
				DEBUG_INFORMATION_FORMAT = "dwarf-with-dsym";
				ENABLE_NS_ASSERTIONS = NO;
				GCC_C_LANGUAGE_STANDARD = gnu99;
				GCC_ENABLE_OBJC_EXCEPTIONS = YES;
				GCC_WARN_64_TO_32_BIT_CONVERSION = YES;
				GCC_WARN_ABOUT_RETURN_TYPE = YES_ERROR;
				GCC_WARN_UNDECLARED_SELECTOR = YES;
				GCC_WARN_UNINITIALIZED_AUTOS = YES;
				GCC_WARN_UNUSED_FUNCTION = YES;
				GCC_WARN_UNUSED_VARIABLE = YES;
				MACOSX_DEPLOYMENT_TARGET = 10.8;
				SDKROOT = macosx;
			};
			name = Release;
		};
		F47EBB8017AB63D400CE6158 /* Debug */ = {
			isa = XCBuildConfiguration;
			buildSettings = {
				GCC_PRECOMPILE_PREFIX_HEADER = YES;
				GCC_PREFIX_HEADER = "CocoaPushover/CocoaPushover-Prefix.pch";
				PRODUCT_NAME = "$(TARGET_NAME)";
			};
			name = Debug;
		};
		F47EBB8117AB63D400CE6158 /* Release */ = {
			isa = XCBuildConfiguration;
			buildSettings = {
				GCC_PRECOMPILE_PREFIX_HEADER = YES;
				GCC_PREFIX_HEADER = "CocoaPushover/CocoaPushover-Prefix.pch";
				PRODUCT_NAME = "$(TARGET_NAME)";
			};
			name = Release;
		};
		F47EBB8317AB63D400CE6158 /* Debug */ = {
			isa = XCBuildConfiguration;
			buildSettings = {
				COMBINE_HIDPI_IMAGES = YES;
				FRAMEWORK_SEARCH_PATHS = (
					"$(DEVELOPER_FRAMEWORKS_DIR)",
					"$(inherited)",
				);
				GCC_PRECOMPILE_PREFIX_HEADER = YES;
				GCC_PREFIX_HEADER = "CocoaPushover/CocoaPushover-Prefix.pch";
				GCC_PREPROCESSOR_DEFINITIONS = (
					"DEBUG=1",
					"$(inherited)",
				);
				INFOPLIST_FILE = "CocoaPushoverTests/CocoaPushoverTests-Info.plist";
				PRODUCT_NAME = "$(TARGET_NAME)";
				WRAPPER_EXTENSION = xctest;
			};
			name = Debug;
		};
		F47EBB8417AB63D400CE6158 /* Release */ = {
			isa = XCBuildConfiguration;
			buildSettings = {
				COMBINE_HIDPI_IMAGES = YES;
				FRAMEWORK_SEARCH_PATHS = (
					"$(DEVELOPER_FRAMEWORKS_DIR)",
					"$(inherited)",
				);
				GCC_PRECOMPILE_PREFIX_HEADER = YES;
				GCC_PREFIX_HEADER = "CocoaPushover/CocoaPushover-Prefix.pch";
				INFOPLIST_FILE = "CocoaPushoverTests/CocoaPushoverTests-Info.plist";
				PRODUCT_NAME = "$(TARGET_NAME)";
				WRAPPER_EXTENSION = xctest;
			};
			name = Release;
		};
/* End XCBuildConfiguration section */

/* Begin XCConfigurationList section */
		F47EBB5617AB63D400CE6158 /* Build configuration list for PBXProject "CocoaPushover" */ = {
			isa = XCConfigurationList;
			buildConfigurations = (
				F47EBB7D17AB63D400CE6158 /* Debug */,
				F47EBB7E17AB63D400CE6158 /* Release */,
			);
			defaultConfigurationIsVisible = 0;
			defaultConfigurationName = Release;
		};
		F47EBB7F17AB63D400CE6158 /* Build configuration list for PBXNativeTarget "CocoaPushover" */ = {
			isa = XCConfigurationList;
			buildConfigurations = (
				F47EBB8017AB63D400CE6158 /* Debug */,
				F47EBB8117AB63D400CE6158 /* Release */,
			);
			defaultConfigurationIsVisible = 0;
		};
		F47EBB8217AB63D400CE6158 /* Build configuration list for PBXNativeTarget "CocoaPushoverTests" */ = {
			isa = XCConfigurationList;
			buildConfigurations = (
				F47EBB8317AB63D400CE6158 /* Debug */,
				F47EBB8417AB63D400CE6158 /* Release */,
			);
			defaultConfigurationIsVisible = 0;
		};
/* End XCConfigurationList section */
	};
	rootObject = F47EBB5317AB63D400CE6158 /* Project object */;
}
